
Microsoft Visual Studio Solution File, Format Version 12.00
# Visual Studio Version 17
VisualStudioVersion = 17.12.35527.113 d17.12
MinimumVisualStudioVersion = 10.0.40219.1
Project("{FAE04EC0-301F-11D3-BF4B-00C04F79EFBC}") = "NewsAggregatorApp", "NewsAggregatorApp.csproj", "{DC3C081B-9C0F-4B7E-89D1-2815A48E61FF}"
EndProject
Global
	GlobalSection(SolutionConfigurationPlatforms) = preSolution
		Debug|Any CPU = Debug|Any CPU
		Release|Any CPU = Release|Any CPU
	EndGlobalSection
	GlobalSection(ProjectConfigurationPlatforms) = postSolution
		{DC3C081B-9C0F-4B7E-89D1-2815A48E61FF}.Debug|Any CPU.ActiveCfg = Debug|Any CPU
		{DC3C081B-9C0F-4B7E-89D1-2815A48E61FF}.Debug|Any CPU.Build.0 = Debug|Any CPU
		{DC3C081B-9C0F-4B7E-89D1-2815A48E61FF}.Release|Any CPU.ActiveCfg = Release|Any CPU
		{DC3C081B-9C0F-4B7E-89D1-2815A48E61FF}.Release|Any CPU.Build.0 = Release|Any CPU
	EndGlobalSection
	GlobalSection(SolutionProperties) = preSolution
		HideSolutionNode = FALSE
	EndGlobalSection
EndGlobal
